// !$*UTF8*$!
{
	archiveVersion = 1;
	classes = {
	};
	objectVersion = 50;
	objects = {

/* Begin PBXBuildFile section */
		EB328A412364271D003AC36E /* AppDelegate.swift in Sources */ = {isa = PBXBuildFile; fileRef = EB328A402364271D003AC36E /* AppDelegate.swift */; };
		EB328A452364271D003AC36E /* HomeViewController.swift in Sources */ = {isa = PBXBuildFile; fileRef = EB328A442364271D003AC36E /* HomeViewController.swift */; };
		EB328A4A2364271F003AC36E /* Assets.xcassets in Resources */ = {isa = PBXBuildFile; fileRef = EB328A492364271F003AC36E /* Assets.xcassets */; };
		EB328A4D2364271F003AC36E /* LaunchScreen.storyboard in Resources */ = {isa = PBXBuildFile; fileRef = EB328A4B2364271F003AC36E /* LaunchScreen.storyboard */; };
		EB328A5A23642C80003AC36E /* HomeView.swift in Sources */ = {isa = PBXBuildFile; fileRef = EB328A5923642C80003AC36E /* HomeView.swift */; };
		EB328A5C236435A1003AC36E /* Currency.swift in Sources */ = {isa = PBXBuildFile; fileRef = EB328A5B236435A1003AC36E /* Currency.swift */; };
		EB328A5E2364893F003AC36E /* NetworkingManager.swift in Sources */ = {isa = PBXBuildFile; fileRef = EB328A5D2364893F003AC36E /* NetworkingManager.swift */; };
		EBE8F69F24B7057B004303F0 /* String+Extension.swift in Sources */ = {isa = PBXBuildFile; fileRef = EBE8F69E24B7057B004303F0 /* String+Extension.swift */; };
		EBE8F6A124B70A54004303F0 /* Double+Extension.swift in Sources */ = {isa = PBXBuildFile; fileRef = EBE8F6A024B70A54004303F0 /* Double+Extension.swift */; };
		EBED006E24B4F8AE001C3FD5 /* TypeAlias.swift in Sources */ = {isa = PBXBuildFile; fileRef = EBED006D24B4F8AE001C3FD5 /* TypeAlias.swift */; };
		EBED007124B4F937001C3FD5 /* NSLayoutConstraint+Extension.swift in Sources */ = {isa = PBXBuildFile; fileRef = EBED007024B4F937001C3FD5 /* NSLayoutConstraint+Extension.swift */; };
		EBED007324B503D8001C3FD5 /* HomeViewModel.swift in Sources */ = {isa = PBXBuildFile; fileRef = EBED007224B503D8001C3FD5 /* HomeViewModel.swift */; };
		EBED007624B504EA001C3FD5 /* JSONParser.swift in Sources */ = {isa = PBXBuildFile; fileRef = EBED007524B504EA001C3FD5 /* JSONParser.swift */; };
		EBED007824B5C05C001C3FD5 /* UIButton+Extension.swift in Sources */ = {isa = PBXBuildFile; fileRef = EBED007724B5C05C001C3FD5 /* UIButton+Extension.swift */; };
/* End PBXBuildFile section */

/* Begin PBXFileReference section */
		EB328A3D2364271D003AC36E /* CurrencyConverter.app */ = {isa = PBXFileReference; explicitFileType = wrapper.application; includeInIndex = 0; path = CurrencyConverter.app; sourceTree = BUILT_PRODUCTS_DIR; };
		EB328A402364271D003AC36E /* AppDelegate.swift */ = {isa = PBXFileReference; lastKnownFileType = sourcecode.swift; path = AppDelegate.swift; sourceTree = "<group>"; };
		EB328A442364271D003AC36E /* HomeViewController.swift */ = {isa = PBXFileReference; lastKnownFileType = sourcecode.swift; path = HomeViewController.swift; sourceTree = "<group>"; };
		EB328A492364271F003AC36E /* Assets.xcassets */ = {isa = PBXFileReference; lastKnownFileType = folder.assetcatalog; path = Assets.xcassets; sourceTree = "<group>"; };
		EB328A4C2364271F003AC36E /* Base */ = {isa = PBXFileReference; lastKnownFileType = file.storyboard; name = Base; path = Base.lproj/LaunchScreen.storyboard; sourceTree = "<group>"; };
		EB328A4E2364271F003AC36E /* Info.plist */ = {isa = PBXFileReference; lastKnownFileType = text.plist.xml; path = Info.plist; sourceTree = "<group>"; };
		EB328A5923642C80003AC36E /* HomeView.swift */ = {isa = PBXFileReference; lastKnownFileType = sourcecode.swift; path = HomeView.swift; sourceTree = "<group>"; };
		EB328A5B236435A1003AC36E /* Currency.swift */ = {isa = PBXFileReference; lastKnownFileType = sourcecode.swift; path = Currency.swift; sourceTree = "<group>"; };
		EB328A5D2364893F003AC36E /* NetworkingManager.swift */ = {isa = PBXFileReference; lastKnownFileType = sourcecode.swift; path = NetworkingManager.swift; sourceTree = "<group>"; };
		EBE8F69E24B7057B004303F0 /* String+Extension.swift */ = {isa = PBXFileReference; lastKnownFileType = sourcecode.swift; path = "String+Extension.swift"; sourceTree = "<group>"; };
		EBE8F6A024B70A54004303F0 /* Double+Extension.swift */ = {isa = PBXFileReference; lastKnownFileType = sourcecode.swift; path = "Double+Extension.swift"; sourceTree = "<group>"; };
		EBED006D24B4F8AE001C3FD5 /* TypeAlias.swift */ = {isa = PBXFileReference; lastKnownFileType = sourcecode.swift; path = TypeAlias.swift; sourceTree = "<group>"; };
		EBED007024B4F937001C3FD5 /* NSLayoutConstraint+Extension.swift */ = {isa = PBXFileReference; lastKnownFileType = sourcecode.swift; path = "NSLayoutConstraint+Extension.swift"; sourceTree = "<group>"; };
		EBED007224B503D8001C3FD5 /* HomeViewModel.swift */ = {isa = PBXFileReference; lastKnownFileType = sourcecode.swift; path = HomeViewModel.swift; sourceTree = "<group>"; };
		EBED007524B504EA001C3FD5 /* JSONParser.swift */ = {isa = PBXFileReference; lastKnownFileType = sourcecode.swift; path = JSONParser.swift; sourceTree = "<group>"; };
		EBED007724B5C05C001C3FD5 /* UIButton+Extension.swift */ = {isa = PBXFileReference; lastKnownFileType = sourcecode.swift; path = "UIButton+Extension.swift"; sourceTree = "<group>"; };
/* End PBXFileReference section */

/* Begin PBXFrameworksBuildPhase section */
		EB328A3A2364271D003AC36E /* Frameworks */ = {
			isa = PBXFrameworksBuildPhase;
			buildActionMask = 2147483647;
			files = (
			);
			runOnlyForDeploymentPostprocessing = 0;
		};
/* End PBXFrameworksBuildPhase section */

/* Begin PBXGroup section */
		EB328A342364271D003AC36E = {
			isa = PBXGroup;
			children = (
				EB328A3F2364271D003AC36E /* CurrencyConverter */,
				EB328A3E2364271D003AC36E /* Products */,
			);
			indentWidth = 2;
			sourceTree = "<group>";
			tabWidth = 2;
		};
		EB328A3E2364271D003AC36E /* Products */ = {
			isa = PBXGroup;
			children = (
				EB328A3D2364271D003AC36E /* CurrencyConverter.app */,
			);
			name = Products;
			sourceTree = "<group>";
		};
		EB328A3F2364271D003AC36E /* CurrencyConverter */ = {
			isa = PBXGroup;
			children = (
				EB328A5723642944003AC36E /* Global */,
				EBED006F24B4F920001C3FD5 /* Extensions */,
				EBED007424B504D0001C3FD5 /* JSON Parsing */,
				EBED006B24B4F6F4001C3FD5 /* Networking */,
				EB328A4E2364271F003AC36E /* Info.plist */,
				EB328A492364271F003AC36E /* Assets.xcassets */,
				EB328A562364293A003AC36E /* Model */,
				EB328A5523642935003AC36E /* View */,
				EBED006C24B4F70D001C3FD5 /* ViewModel */,
			);
			path = CurrencyConverter;
			sourceTree = "<group>";
		};
		EB328A5523642935003AC36E /* View */ = {
			isa = PBXGroup;
			children = (
				EB328A4B2364271F003AC36E /* LaunchScreen.storyboard */,
				EB328A5923642C80003AC36E /* HomeView.swift */,
				EB328A442364271D003AC36E /* HomeViewController.swift */,
			);
			path = View;
			sourceTree = "<group>";
		};
		EB328A562364293A003AC36E /* Model */ = {
			isa = PBXGroup;
			children = (
				EB328A5B236435A1003AC36E /* Currency.swift */,
			);
			path = Model;
			sourceTree = "<group>";
		};
		EB328A5723642944003AC36E /* Global */ = {
			isa = PBXGroup;
			children = (
				EB328A402364271D003AC36E /* AppDelegate.swift */,
				EBED006D24B4F8AE001C3FD5 /* TypeAlias.swift */,
			);
			path = Global;
			sourceTree = "<group>";
		};
		EBED006B24B4F6F4001C3FD5 /* Networking */ = {
			isa = PBXGroup;
			children = (
				EB328A5D2364893F003AC36E /* NetworkingManager.swift */,
			);
			path = Networking;
			sourceTree = "<group>";
		};
		EBED006C24B4F70D001C3FD5 /* ViewModel */ = {
			isa = PBXGroup;
			children = (
				EBED007224B503D8001C3FD5 /* HomeViewModel.swift */,
			);
			path = ViewModel;
			sourceTree = "<group>";
		};
		EBED006F24B4F920001C3FD5 /* Extensions */ = {
			isa = PBXGroup;
			children = (
				EBED007024B4F937001C3FD5 /* NSLayoutConstraint+Extension.swift */,
				EBED007724B5C05C001C3FD5 /* UIButton+Extension.swift */,
				EBE8F69E24B7057B004303F0 /* String+Extension.swift */,
				EBE8F6A024B70A54004303F0 /* Double+Extension.swift */,
			);
			path = Extensions;
			sourceTree = "<group>";
		};
		EBED007424B504D0001C3FD5 /* JSON Parsing */ = {
			isa = PBXGroup;
			children = (
				EBED007524B504EA001C3FD5 /* JSONParser.swift */,
			);
			path = "JSON Parsing";
			sourceTree = "<group>";
		};
/* End PBXGroup section */

/* Begin PBXNativeTarget section */
		EB328A3C2364271D003AC36E /* CurrencyConverter */ = {
			isa = PBXNativeTarget;
			buildConfigurationList = EB328A512364271F003AC36E /* Build configuration list for PBXNativeTarget "CurrencyConverter" */;
			buildPhases = (
				EB328A392364271D003AC36E /* Sources */,
				EB328A3A2364271D003AC36E /* Frameworks */,
				EB328A3B2364271D003AC36E /* Resources */,
			);
			buildRules = (
			);
			dependencies = (
			);
			name = CurrencyConverter;
			productName = CurrencyConverter;
			productReference = EB328A3D2364271D003AC36E /* CurrencyConverter.app */;
			productType = "com.apple.product-type.application";
		};
/* End PBXNativeTarget section */

/* Begin PBXProject section */
		EB328A352364271D003AC36E /* Project object */ = {
			isa = PBXProject;
			attributes = {
				LastSwiftUpdateCheck = 1110;
				LastUpgradeCheck = 1110;
				ORGANIZATIONNAME = "Ivan Kulundzic";
				TargetAttributes = {
					EB328A3C2364271D003AC36E = {
						CreatedOnToolsVersion = 11.1;
					};
				};
			};
			buildConfigurationList = EB328A382364271D003AC36E /* Build configuration list for PBXProject "CurrencyConverter" */;
			compatibilityVersion = "Xcode 9.3";
			developmentRegion = en;
			hasScannedForEncodings = 0;
			knownRegions = (
				en,
				Base,
			);
			mainGroup = EB328A342364271D003AC36E;
			productRefGroup = EB328A3E2364271D003AC36E /* Products */;
			projectDirPath = "";
			projectRoot = "";
			targets = (
				EB328A3C2364271D003AC36E /* CurrencyConverter */,
			);
		};
/* End PBXProject section */

/* Begin PBXResourcesBuildPhase section */
		EB328A3B2364271D003AC36E /* Resources */ = {
			isa = PBXResourcesBuildPhase;
			buildActionMask = 2147483647;
			files = (
				EB328A4D2364271F003AC36E /* LaunchScreen.storyboard in Resources */,
				EB328A4A2364271F003AC36E /* Assets.xcassets in Resources */,
			);
			runOnlyForDeploymentPostprocessing = 0;
		};
/* End PBXResourcesBuildPhase section */

/* Begin PBXSourcesBuildPhase section */
		EB328A392364271D003AC36E /* Sources */ = {
			isa = PBXSourcesBuildPhase;
			buildActionMask = 2147483647;
			files = (
				EBED006E24B4F8AE001C3FD5 /* TypeAlias.swift in Sources */,
				EBE8F69F24B7057B004303F0 /* String+Extension.swift in Sources */,
				EBED007124B4F937001C3FD5 /* NSLayoutConstraint+Extension.swift in Sources */,
				EBED007624B504EA001C3FD5 /* JSONParser.swift in Sources */,
				EBED007824B5C05C001C3FD5 /* UIButton+Extension.swift in Sources */,
				EB328A5C236435A1003AC36E /* Currency.swift in Sources */,
				EBED007324B503D8001C3FD5 /* HomeViewModel.swift in Sources */,
				EB328A5A23642C80003AC36E /* HomeView.swift in Sources */,
				EBE8F6A124B70A54004303F0 /* Double+Extension.swift in Sources */,
				EB328A452364271D003AC36E /* HomeViewController.swift in Sources */,
				EB328A412364271D003AC36E /* AppDelegate.swift in Sources */,
				EB328A5E2364893F003AC36E /* NetworkingManager.swift in Sources */,
			);
			runOnlyForDeploymentPostprocessing = 0;
		};
/* End PBXSourcesBuildPhase section */

/* Begin PBXVariantGroup section */
		EB328A4B2364271F003AC36E /* LaunchScreen.storyboard */ = {
			isa = PBXVariantGroup;
			children = (
				EB328A4C2364271F003AC36E /* Base */,
			);
			name = LaunchScreen.storyboard;
			sourceTree = "<group>";
		};
/* End PBXVariantGroup section */

/* Begin XCBuildConfiguration section */
		EB328A4F2364271F003AC36E /* Debug */ = {
			isa = XCBuildConfiguration;
			buildSettings = {
				ALWAYS_SEARCH_USER_PATHS = NO;
				CLANG_ANALYZER_NONNULL = YES;
				CLANG_ANALYZER_NUMBER_OBJECT_CONVERSION = YES_AGGRESSIVE;
				CLANG_CXX_LANGUAGE_STANDARD = "gnu++14";
				CLANG_CXX_LIBRARY = "libc++";
				CLANG_ENABLE_MODULES = YES;
				CLANG_ENABLE_OBJC_ARC = YES;
				CLANG_ENABLE_OBJC_WEAK = YES;
				CLANG_WARN_BLOCK_CAPTURE_AUTORELEASING = YES;
				CLANG_WARN_BOOL_CONVERSION = YES;
				CLANG_WARN_COMMA = YES;
				CLANG_WARN_CONSTANT_CONVERSION = YES;
				CLANG_WARN_DEPRECATED_OBJC_IMPLEMENTATIONS = YES;
				CLANG_WARN_DIRECT_OBJC_ISA_USAGE = YES_ERROR;
				CLANG_WARN_DOCUMENTATION_COMMENTS = YES;
				CLANG_WARN_EMPTY_BODY = YES;
				CLANG_WARN_ENUM_CONVERSION = YES;
				CLANG_WARN_INFINITE_RECURSION = YES;
				CLANG_WARN_INT_CONVERSION = YES;
				CLANG_WARN_NON_LITERAL_NULL_CONVERSION = YES;
				CLANG_WARN_OBJC_IMPLICIT_RETAIN_SELF = YES;
				CLANG_WARN_OBJC_LITERAL_CONVERSION = YES;
				CLANG_WARN_OBJC_ROOT_CLASS = YES_ERROR;
				CLANG_WARN_RANGE_LOOP_ANALYSIS = YES;
				CLANG_WARN_STRICT_PROTOTYPES = YES;
				CLANG_WARN_SUSPICIOUS_MOVE = YES;
				CLANG_WARN_UNGUARDED_AVAILABILITY = YES_AGGRESSIVE;
				CLANG_WARN_UNREACHABLE_CODE = YES;
				CLANG_WARN__DUPLICATE_METHOD_MATCH = YES;
				COPY_PHASE_STRIP = NO;
				DEBUG_INFORMATION_FORMAT = dwarf;
				ENABLE_STRICT_OBJC_MSGSEND = YES;
				ENABLE_TESTABILITY = YES;
				GCC_C_LANGUAGE_STANDARD = gnu11;
				GCC_DYNAMIC_NO_PIC = NO;
				GCC_NO_COMMON_BLOCKS = YES;
				GCC_OPTIMIZATION_LEVEL = 0;
				GCC_PREPROCESSOR_DEFINITIONS = (
					"DEBUG=1",
					"$(inherited)",
				);
				GCC_WARN_64_TO_32_BIT_CONVERSION = YES;
				GCC_WARN_ABOUT_RETURN_TYPE = YES_ERROR;
				GCC_WARN_UNDECLARED_SELECTOR = YES;
				GCC_WARN_UNINITIALIZED_AUTOS = YES_AGGRESSIVE;
				GCC_WARN_UNUSED_FUNCTION = YES;
				GCC_WARN_UNUSED_VARIABLE = YES;
				IPHONEOS_DEPLOYMENT_TARGET = 13.1;
				MTL_ENABLE_DEBUG_INFO = INCLUDE_SOURCE;
				MTL_FAST_MATH = YES;
				ONLY_ACTIVE_ARCH = YES;
				SDKROOT = iphoneos;
				SWIFT_ACTIVE_COMPILATION_CONDITIONS = DEBUG;
				SWIFT_OPTIMIZATION_LEVEL = "-Onone";
			};
			name = Debug;
		};
		EB328A502364271F003AC36E /* Release */ = {
			isa = XCBuildConfiguration;
			buildSettings = {
				ALWAYS_SEARCH_USER_PATHS = NO;
				CLANG_ANALYZER_NONNULL = YES;
				CLANG_ANALYZER_NUMBER_OBJECT_CONVERSION = YES_AGGRESSIVE;
				CLANG_CXX_LANGUAGE_STANDARD = "gnu++14";
				CLANG_CXX_LIBRARY = "libc++";
				CLANG_ENABLE_MODULES = YES;
				CLANG_ENABLE_OBJC_ARC = YES;
				CLANG_ENABLE_OBJC_WEAK = YES;
				CLANG_WARN_BLOCK_CAPTURE_AUTORELEASING = YES;
				CLANG_WARN_BOOL_CONVERSION = YES;
				CLANG_WARN_COMMA = YES;
				CLANG_WARN_CONSTANT_CONVERSION = YES;
				CLANG_WARN_DEPRECATED_OBJC_IMPLEMENTATIONS = YES;
				CLANG_WARN_DIRECT_OBJC_ISA_USAGE = YES_ERROR;
				CLANG_WARN_DOCUMENTATION_COMMENTS = YES;
				CLANG_WARN_EMPTY_BODY = YES;
				CLANG_WARN_ENUM_CONVERSION = YES;
				CLANG_WARN_INFINITE_RECURSION = YES;
				CLANG_WARN_INT_CONVERSION = YES;
				CLANG_WARN_NON_LITERAL_NULL_CONVERSION = YES;
				CLANG_WARN_OBJC_IMPLICIT_RETAIN_SELF = YES;
				CLANG_WARN_OBJC_LITERAL_CONVERSION = YES;
				CLANG_WARN_OBJC_ROOT_CLASS = YES_ERROR;
				CLANG_WARN_RANGE_LOOP_ANALYSIS = YES;
				CLANG_WARN_STRICT_PROTOTYPES = YES;
				CLANG_WARN_SUSPICIOUS_MOVE = YES;
				CLANG_WARN_UNGUARDED_AVAILABILITY = YES_AGGRESSIVE;
				CLANG_WARN_UNREACHABLE_CODE = YES;
				CLANG_WARN__DUPLICATE_METHOD_MATCH = YES;
				COPY_PHASE_STRIP = NO;
				DEBUG_INFORMATION_FORMAT = "dwarf-with-dsym";
				ENABLE_NS_ASSERTIONS = NO;
				ENABLE_STRICT_OBJC_MSGSEND = YES;
				GCC_C_LANGUAGE_STANDARD = gnu11;
				GCC_NO_COMMON_BLOCKS = YES;
				GCC_WARN_64_TO_32_BIT_CONVERSION = YES;
				GCC_WARN_ABOUT_RETURN_TYPE = YES_ERROR;
				GCC_WARN_UNDECLARED_SELECTOR = YES;
				GCC_WARN_UNINITIALIZED_AUTOS = YES_AGGRESSIVE;
				GCC_WARN_UNUSED_FUNCTION = YES;
				GCC_WARN_UNUSED_VARIABLE = YES;
				IPHONEOS_DEPLOYMENT_TARGET = 13.1;
				MTL_ENABLE_DEBUG_INFO = NO;
				MTL_FAST_MATH = YES;
				SDKROOT = iphoneos;
				SWIFT_COMPILATION_MODE = wholemodule;
				SWIFT_OPTIMIZATION_LEVEL = "-O";
				VALIDATE_PRODUCT = YES;
			};
			name = Release;
		};
		EB328A522364271F003AC36E /* Debug */ = {
			isa = XCBuildConfiguration;
			buildSettings = {
				ASSETCATALOG_COMPILER_APPICON_NAME = AppIcon;
				CODE_SIGN_STYLE = Automatic;
				DEVELOPMENT_TEAM = PWKM3YW36B;
				INFOPLIST_FILE = CurrencyConverter/Info.plist;
				IPHONEOS_DEPLOYMENT_TARGET = 11.0;
				LD_RUNPATH_SEARCH_PATHS = (
					"$(inherited)",
					"@executable_path/Frameworks",
				);
				PRODUCT_BUNDLE_IDENTIFIER = com.ivankulundzic.CurrencyConverter;
				PRODUCT_NAME = "$(TARGET_NAME)";
				SWIFT_VERSION = 5.0;
				TARGETED_DEVICE_FAMILY = 1;
			};
			name = Debug;
		};
		EB328A532364271F003AC36E /* Release */ = {
			isa = XCBuildConfiguration;
			buildSettings = {
				ASSETCATALOG_COMPILER_APPICON_NAME = AppIcon;
				CODE_SIGN_STYLE = Automatic;
				DEVELOPMENT_TEAM = PWKM3YW36B;
				INFOPLIST_FILE = CurrencyConverter/Info.plist;
				IPHONEOS_DEPLOYMENT_TARGET = 11.0;
				LD_RUNPATH_SEARCH_PATHS = (
					"$(inherited)",
					"@executable_path/Frameworks",
				);
				PRODUCT_BUNDLE_IDENTIFIER = com.ivankulundzic.CurrencyConverter;
				PRODUCT_NAME = "$(TARGET_NAME)";
				SWIFT_VERSION = 5.0;
				TARGETED_DEVICE_FAMILY = 1;
			};
			name = Release;
		};
/* End XCBuildConfiguration section */

/* Begin XCConfigurationList section */
		EB328A382364271D003AC36E /* Build configuration list for PBXProject "CurrencyConverter" */ = {
			isa = XCConfigurationList;
			buildConfigurations = (
				EB328A4F2364271F003AC36E /* Debug */,
				EB328A502364271F003AC36E /* Release */,
			);
			defaultConfigurationIsVisible = 0;
			defaultConfigurationName = Release;
		};
		EB328A512364271F003AC36E /* Build configuration list for PBXNativeTarget "CurrencyConverter" */ = {
			isa = XCConfigurationList;
			buildConfigurations = (
				EB328A522364271F003AC36E /* Debug */,
				EB328A532364271F003AC36E /* Release */,
			);
			defaultConfigurationIsVisible = 0;
			defaultConfigurationName = Release;
		};
/* End XCConfigurationList section */
	};
	rootObject = EB328A352364271D003AC36E /* Project object */;
}
